
Microsoft Visual Studio Solution File, Format Version 12.00
# Visual Studio Version 17
VisualStudioVersion = 17.2.32519.379
MinimumVisualStudioVersion = 10.0.40219.1
Project("{9A19103F-16F7-4668-BE54-9A1E7A4F7556}") = "Badgerer.Api", "api\Badgerer.Api.csproj", "{62CEB0F2-1DE3-45F2-8044-009FDF57A1A2}"
EndProject
Project("{00D1A9C2-B5F0-4AF3-8072-F6C62B433612}") = "Badgerer.Database", "Badgerer.Database\Badgerer.Database.sqlproj", "{D3C21353-48D7-4D45-8341-238F78697BE7}"
EndProject
Project("{9A19103F-16F7-4668-BE54-9A1E7A4F7556}") = "Badgerer.Api.Tests", "Badgerer.Api.Tests\Badgerer.Api.Tests.csproj", "{7678A3B7-3513-416D-B2C1-F2B086B48F7B}"
EndProject
Project("{9A19103F-16F7-4668-BE54-9A1E7A4F7556}") = "Badgerer.ImageGenerator", "Badgerer.ImageGenerator\Badgerer.ImageGenerator.csproj", "{C9F53BF8-82DB-412D-A779-15AD02B4E346}"
EndProject
Project("{FAE04EC0-301F-11D3-BF4B-00C04F79EFBC}") = "Badgerer.Common", "Badgerer.Common\Badgerer.Common.csproj", "{090A6403-EFD0-4795-B8C2-098869CA7781}"
EndProject
Project("{2150E333-8FDC-42A3-9474-1A3956D46DE8}") = "dapr", "dapr", "{7D091718-F481-418D-8F38-9AF9E619085B}"
EndProject
Project("{2150E333-8FDC-42A3-9474-1A3956D46DE8}") = "config", "config", "{5E84C7B6-6750-4A01-818C-0E45C3FFDDFE}"
	ProjectSection(SolutionItems) = preProject
		dapr\config\config.yaml = dapr\config\config.yaml
	EndProjectSection
EndProject
Global
	GlobalSection(SolutionConfigurationPlatforms) = preSolution
		Debug|Any CPU = Debug|Any CPU
		Release|Any CPU = Release|Any CPU
	EndGlobalSection
	GlobalSection(ProjectConfigurationPlatforms) = postSolution
		{62CEB0F2-1DE3-45F2-8044-009FDF57A1A2}.Debug|Any CPU.ActiveCfg = Debug|Any CPU
		{62CEB0F2-1DE3-45F2-8044-009FDF57A1A2}.Debug|Any CPU.Build.0 = Debug|Any CPU
		{62CEB0F2-1DE3-45F2-8044-009FDF57A1A2}.Release|Any CPU.ActiveCfg = Release|Any CPU
		{62CEB0F2-1DE3-45F2-8044-009FDF57A1A2}.Release|Any CPU.Build.0 = Release|Any CPU
		{D3C21353-48D7-4D45-8341-238F78697BE7}.Debug|Any CPU.ActiveCfg = Debug|Any CPU
		{D3C21353-48D7-4D45-8341-238F78697BE7}.Debug|Any CPU.Build.0 = Debug|Any CPU
		{D3C21353-48D7-4D45-8341-238F78697BE7}.Debug|Any CPU.Deploy.0 = Debug|Any CPU
		{D3C21353-48D7-4D45-8341-238F78697BE7}.Release|Any CPU.ActiveCfg = Release|Any CPU
		{D3C21353-48D7-4D45-8341-238F78697BE7}.Release|Any CPU.Deploy.0 = Release|Any CPU
		{7678A3B7-3513-416D-B2C1-F2B086B48F7B}.Debug|Any CPU.ActiveCfg = Debug|Any CPU
		{7678A3B7-3513-416D-B2C1-F2B086B48F7B}.Debug|Any CPU.Build.0 = Debug|Any CPU
		{7678A3B7-3513-416D-B2C1-F2B086B48F7B}.Release|Any CPU.ActiveCfg = Release|Any CPU
		{7678A3B7-3513-416D-B2C1-F2B086B48F7B}.Release|Any CPU.Build.0 = Release|Any CPU
		{C9F53BF8-82DB-412D-A779-15AD02B4E346}.Debug|Any CPU.ActiveCfg = Debug|Any CPU
		{C9F53BF8-82DB-412D-A779-15AD02B4E346}.Debug|Any CPU.Build.0 = Debug|Any CPU
		{C9F53BF8-82DB-412D-A779-15AD02B4E346}.Release|Any CPU.ActiveCfg = Release|Any CPU
		{C9F53BF8-82DB-412D-A779-15AD02B4E346}.Release|Any CPU.Build.0 = Release|Any CPU
		{090A6403-EFD0-4795-B8C2-098869CA7781}.Debug|Any CPU.ActiveCfg = Debug|Any CPU
		{090A6403-EFD0-4795-B8C2-098869CA7781}.Debug|Any CPU.Build.0 = Debug|Any CPU
		{090A6403-EFD0-4795-B8C2-098869CA7781}.Release|Any CPU.ActiveCfg = Release|Any CPU
		{090A6403-EFD0-4795-B8C2-098869CA7781}.Release|Any CPU.Build.0 = Release|Any CPU
	EndGlobalSection
	GlobalSection(SolutionProperties) = preSolution
		HideSolutionNode = FALSE
	EndGlobalSection
	GlobalSection(NestedProjects) = preSolution
		{5E84C7B6-6750-4A01-818C-0E45C3FFDDFE} = {7D091718-F481-418D-8F38-9AF9E619085B}
	EndGlobalSection
	GlobalSection(ExtensibilityGlobals) = postSolution
		SolutionGuid = {77019EEB-AD9F-471F-8AC8-5D97AC7B02D9}
	EndGlobalSection
EndGlobal
